
Microsoft Visual Studio Solution File, Format Version 12.00
# Visual Studio Version 17
VisualStudioVersion = 17.14.36327.8
MinimumVisualStudioVersion = 10.0.40219.1
Project("{FAE04EC0-301F-11D3-BF4B-00C04F79EFBC}") = "BatchRename", "BatchRename\BatchRename.csproj", "{94663A6B-6F31-4742-A81E-A5868A848F3C}"
EndProject
Global
	GlobalSection(SolutionConfigurationPlatforms) = preSolution
		Debug|Any CPU = Debug|Any CPU
		Release|Any CPU = Release|Any CPU
	EndGlobalSection
	GlobalSection(ProjectConfigurationPlatforms) = postSolution
		{94663A6B-6F31-4742-A81E-A5868A848F3C}.Debug|Any CPU.ActiveCfg = Debug|Any CPU
		{94663A6B-6F31-4742-A81E-A5868A848F3C}.Debug|Any CPU.Build.0 = Debug|Any CPU
		{94663A6B-6F31-4742-A81E-A5868A848F3C}.Release|Any CPU.ActiveCfg = Release|Any CPU
		{94663A6B-6F31-4742-A81E-A5868A848F3C}.Release|Any CPU.Build.0 = Release|Any CPU
	EndGlobalSection
	GlobalSection(SolutionProperties) = preSolution
		HideSolutionNode = FALSE
	EndGlobalSection
	GlobalSection(ExtensibilityGlobals) = postSolution
		SolutionGuid = {082F66A0-27D1-44E3-A415-043DBB9967C1}
	EndGlobalSection
EndGlobal
